
Microsoft Visual Studio Solution File, Format Version 12.00
# Visual Studio Version 17
VisualStudioVersion = 17.0.31903.59
MinimumVisualStudioVersion = 10.0.40219.1
Project("{FAE04EC0-301F-11D3-BF4B-00C04F79EFBC}") = "PubSubNotificationSystem", "PubSubNotificationSystem\PubSubNotificationSystem.csproj", "{ADD00BD2-16D7-41C7-93AD-56CBBEA29B03}"
EndProject
Project("{FAE04EC0-301F-11D3-BF4B-00C04F79EFBC}") = "PubSubNotificationSystem.Tests", "PubSubNotificationSystem.Tests\PubSubNotificationSystem.Tests.csproj", "{44816495-F4BF-49F2-B866-DFA049F4E22B}"
EndProject
Global
	GlobalSection(SolutionConfigurationPlatforms) = preSolution
		Debug|Any CPU = Debug|Any CPU
		Release|Any CPU = Release|Any CPU
	EndGlobalSection
	GlobalSection(SolutionProperties) = preSolution
		HideSolutionNode = FALSE
	EndGlobalSection
	GlobalSection(ProjectConfigurationPlatforms) = postSolution
		{ADD00BD2-16D7-41C7-93AD-56CBBEA29B03}.Debug|Any CPU.ActiveCfg = Debug|Any CPU
		{ADD00BD2-16D7-41C7-93AD-56CBBEA29B03}.Debug|Any CPU.Build.0 = Debug|Any CPU
		{ADD00BD2-16D7-41C7-93AD-56CBBEA29B03}.Release|Any CPU.ActiveCfg = Release|Any CPU
		{ADD00BD2-16D7-41C7-93AD-56CBBEA29B03}.Release|Any CPU.Build.0 = Release|Any CPU
		{44816495-F4BF-49F2-B866-DFA049F4E22B}.Debug|Any CPU.ActiveCfg = Debug|Any CPU
		{44816495-F4BF-49F2-B866-DFA049F4E22B}.Debug|Any CPU.Build.0 = Debug|Any CPU
		{44816495-F4BF-49F2-B866-DFA049F4E22B}.Release|Any CPU.ActiveCfg = Release|Any CPU
		{44816495-F4BF-49F2-B866-DFA049F4E22B}.Release|Any CPU.Build.0 = Release|Any CPU
	EndGlobalSection
EndGlobal
